// !$*UTF8*$!
{
	archiveVersion = 1;
	classes = {
	};
	objectVersion = 51;
	objects = {

/* Begin PBXBuildFile section */
		20C45B8B967063E331400F8C /* Pods_DemoSortedJSONCoderSwift.framework in Frameworks */ = {isa = PBXBuildFile; fileRef = D50E3EF34579FEDAEFFC3AA6 /* Pods_DemoSortedJSONCoderSwift.framework */; };
		6AD505C16C27AA4C9FFF065D /* libPods-DemoSortedJSONCoder.a in Frameworks */ = {isa = PBXBuildFile; fileRef = 50A3ED3134A92E9FED2064D1 /* libPods-DemoSortedJSONCoder.a */; };
		821DD394249CD74B00658A69 /* AppDelegate.m in Sources */ = {isa = PBXBuildFile; fileRef = 821DD393249CD74B00658A69 /* AppDelegate.m */; };
		821DD397249CD74B00658A69 /* SceneDelegate.m in Sources */ = {isa = PBXBuildFile; fileRef = 821DD396249CD74B00658A69 /* SceneDelegate.m */; };
		821DD39A249CD74B00658A69 /* ViewController.m in Sources */ = {isa = PBXBuildFile; fileRef = 821DD399249CD74B00658A69 /* ViewController.m */; };
		821DD39D249CD74B00658A69 /* Main.storyboard in Resources */ = {isa = PBXBuildFile; fileRef = 821DD39B249CD74B00658A69 /* Main.storyboard */; };
		821DD39F249CD74C00658A69 /* Assets.xcassets in Resources */ = {isa = PBXBuildFile; fileRef = 821DD39E249CD74C00658A69 /* Assets.xcassets */; };
		821DD3A2249CD74C00658A69 /* LaunchScreen.storyboard in Resources */ = {isa = PBXBuildFile; fileRef = 821DD3A0249CD74C00658A69 /* LaunchScreen.storyboard */; };
		821DD3A5249CD74C00658A69 /* main.m in Sources */ = {isa = PBXBuildFile; fileRef = 821DD3A4249CD74C00658A69 /* main.m */; };
		821DD3B2249CDB7000658A69 /* AppDelegate.swift in Sources */ = {isa = PBXBuildFile; fileRef = 821DD3B1249CDB7000658A69 /* AppDelegate.swift */; };
		821DD3B4249CDB7000658A69 /* SceneDelegate.swift in Sources */ = {isa = PBXBuildFile; fileRef = 821DD3B3249CDB7000658A69 /* SceneDelegate.swift */; };
		821DD3B6249CDB7000658A69 /* ViewController.swift in Sources */ = {isa = PBXBuildFile; fileRef = 821DD3B5249CDB7000658A69 /* ViewController.swift */; };
		821DD3B9249CDB7000658A69 /* Main.storyboard in Resources */ = {isa = PBXBuildFile; fileRef = 821DD3B7249CDB7000658A69 /* Main.storyboard */; };
		821DD3BB249CDB7100658A69 /* Assets.xcassets in Resources */ = {isa = PBXBuildFile; fileRef = 821DD3BA249CDB7100658A69 /* Assets.xcassets */; };
		821DD3BE249CDB7100658A69 /* LaunchScreen.storyboard in Resources */ = {isa = PBXBuildFile; fileRef = 821DD3BC249CDB7100658A69 /* LaunchScreen.storyboard */; };
/* End PBXBuildFile section */

/* Begin PBXFileReference section */
		50A3ED3134A92E9FED2064D1 /* libPods-DemoSortedJSONCoder.a */ = {isa = PBXFileReference; explicitFileType = archive.ar; includeInIndex = 0; path = "libPods-DemoSortedJSONCoder.a"; sourceTree = BUILT_PRODUCTS_DIR; };
		62CFAB5E8B4346E1E6C333CB /* Pods-DemoSortedJSONCoder.release.xcconfig */ = {isa = PBXFileReference; includeInIndex = 1; lastKnownFileType = text.xcconfig; name = "Pods-DemoSortedJSONCoder.release.xcconfig"; path = "Target Support Files/Pods-DemoSortedJSONCoder/Pods-DemoSortedJSONCoder.release.xcconfig"; sourceTree = "<group>"; };
		7B60BFB9E578685492646CD9 /* Pods-DemoSortedJSONCoderSwift.release.xcconfig */ = {isa = PBXFileReference; includeInIndex = 1; lastKnownFileType = text.xcconfig; name = "Pods-DemoSortedJSONCoderSwift.release.xcconfig"; path = "Target Support Files/Pods-DemoSortedJSONCoderSwift/Pods-DemoSortedJSONCoderSwift.release.xcconfig"; sourceTree = "<group>"; };
		821DD38F249CD74B00658A69 /* DemoSortedJSONCoder.app */ = {isa = PBXFileReference; explicitFileType = wrapper.application; includeInIndex = 0; path = DemoSortedJSONCoder.app; sourceTree = BUILT_PRODUCTS_DIR; };
		821DD392249CD74B00658A69 /* AppDelegate.h */ = {isa = PBXFileReference; lastKnownFileType = sourcecode.c.h; path = AppDelegate.h; sourceTree = "<group>"; };
		821DD393249CD74B00658A69 /* AppDelegate.m */ = {isa = PBXFileReference; lastKnownFileType = sourcecode.c.objc; path = AppDelegate.m; sourceTree = "<group>"; };
		821DD395249CD74B00658A69 /* SceneDelegate.h */ = {isa = PBXFileReference; lastKnownFileType = sourcecode.c.h; path = SceneDelegate.h; sourceTree = "<group>"; };
		821DD396249CD74B00658A69 /* SceneDelegate.m */ = {isa = PBXFileReference; lastKnownFileType = sourcecode.c.objc; path = SceneDelegate.m; sourceTree = "<group>"; };
		821DD398249CD74B00658A69 /* ViewController.h */ = {isa = PBXFileReference; lastKnownFileType = sourcecode.c.h; path = ViewController.h; sourceTree = "<group>"; };
		821DD399249CD74B00658A69 /* ViewController.m */ = {isa = PBXFileReference; lastKnownFileType = sourcecode.c.objc; path = ViewController.m; sourceTree = "<group>"; };
		821DD39C249CD74B00658A69 /* Base */ = {isa = PBXFileReference; lastKnownFileType = file.storyboard; name = Base; path = Base.lproj/Main.storyboard; sourceTree = "<group>"; };
		821DD39E249CD74C00658A69 /* Assets.xcassets */ = {isa = PBXFileReference; lastKnownFileType = folder.assetcatalog; path = Assets.xcassets; sourceTree = "<group>"; };
		821DD3A1249CD74C00658A69 /* Base */ = {isa = PBXFileReference; lastKnownFileType = file.storyboard; name = Base; path = Base.lproj/LaunchScreen.storyboard; sourceTree = "<group>"; };
		821DD3A3249CD74C00658A69 /* Info.plist */ = {isa = PBXFileReference; lastKnownFileType = text.plist.xml; path = Info.plist; sourceTree = "<group>"; };
		821DD3A4249CD74C00658A69 /* main.m */ = {isa = PBXFileReference; lastKnownFileType = sourcecode.c.objc; path = main.m; sourceTree = "<group>"; };
		821DD3AF249CDB7000658A69 /* DemoSortedJSONCoderSwift.app */ = {isa = PBXFileReference; explicitFileType = wrapper.application; includeInIndex = 0; path = DemoSortedJSONCoderSwift.app; sourceTree = BUILT_PRODUCTS_DIR; };
		821DD3B1249CDB7000658A69 /* AppDelegate.swift */ = {isa = PBXFileReference; lastKnownFileType = sourcecode.swift; path = AppDelegate.swift; sourceTree = "<group>"; };
		821DD3B3249CDB7000658A69 /* SceneDelegate.swift */ = {isa = PBXFileReference; lastKnownFileType = sourcecode.swift; path = SceneDelegate.swift; sourceTree = "<group>"; };
		821DD3B5249CDB7000658A69 /* ViewController.swift */ = {isa = PBXFileReference; lastKnownFileType = sourcecode.swift; path = ViewController.swift; sourceTree = "<group>"; };
		821DD3B8249CDB7000658A69 /* Base */ = {isa = PBXFileReference; lastKnownFileType = file.storyboard; name = Base; path = Base.lproj/Main.storyboard; sourceTree = "<group>"; };
		821DD3BA249CDB7100658A69 /* Assets.xcassets */ = {isa = PBXFileReference; lastKnownFileType = folder.assetcatalog; path = Assets.xcassets; sourceTree = "<group>"; };
		821DD3BD249CDB7100658A69 /* Base */ = {isa = PBXFileReference; lastKnownFileType = file.storyboard; name = Base; path = Base.lproj/LaunchScreen.storyboard; sourceTree = "<group>"; };
		821DD3BF249CDB7100658A69 /* Info.plist */ = {isa = PBXFileReference; lastKnownFileType = text.plist.xml; path = Info.plist; sourceTree = "<group>"; };
		977DAF98F95C537EFB147D0C /* Pods-DemoSortedJSONCoderSwift.debug.xcconfig */ = {isa = PBXFileReference; includeInIndex = 1; lastKnownFileType = text.xcconfig; name = "Pods-DemoSortedJSONCoderSwift.debug.xcconfig"; path = "Target Support Files/Pods-DemoSortedJSONCoderSwift/Pods-DemoSortedJSONCoderSwift.debug.xcconfig"; sourceTree = "<group>"; };
		D50E3EF34579FEDAEFFC3AA6 /* Pods_DemoSortedJSONCoderSwift.framework */ = {isa = PBXFileReference; explicitFileType = wrapper.framework; includeInIndex = 0; path = Pods_DemoSortedJSONCoderSwift.framework; sourceTree = BUILT_PRODUCTS_DIR; };
		E06BC8D5AB18912C85B07006 /* Pods-DemoSortedJSONCoder.debug.xcconfig */ = {isa = PBXFileReference; includeInIndex = 1; lastKnownFileType = text.xcconfig; name = "Pods-DemoSortedJSONCoder.debug.xcconfig"; path = "Target Support Files/Pods-DemoSortedJSONCoder/Pods-DemoSortedJSONCoder.debug.xcconfig"; sourceTree = "<group>"; };
/* End PBXFileReference section */

/* Begin PBXFrameworksBuildPhase section */
		821DD38C249CD74B00658A69 /* Frameworks */ = {
			isa = PBXFrameworksBuildPhase;
			buildActionMask = 2147483647;
			files = (
				6AD505C16C27AA4C9FFF065D /* libPods-DemoSortedJSONCoder.a in Frameworks */,
			);
			runOnlyForDeploymentPostprocessing = 0;
		};
		821DD3AC249CDB7000658A69 /* Frameworks */ = {
			isa = PBXFrameworksBuildPhase;
			buildActionMask = 2147483647;
			files = (
				20C45B8B967063E331400F8C /* Pods_DemoSortedJSONCoderSwift.framework in Frameworks */,
			);
			runOnlyForDeploymentPostprocessing = 0;
		};
/* End PBXFrameworksBuildPhase section */

/* Begin PBXGroup section */
		5933977394EA8ABD922FE6CE /* Pods */ = {
			isa = PBXGroup;
			children = (
				E06BC8D5AB18912C85B07006 /* Pods-DemoSortedJSONCoder.debug.xcconfig */,
				62CFAB5E8B4346E1E6C333CB /* Pods-DemoSortedJSONCoder.release.xcconfig */,
				977DAF98F95C537EFB147D0C /* Pods-DemoSortedJSONCoderSwift.debug.xcconfig */,
				7B60BFB9E578685492646CD9 /* Pods-DemoSortedJSONCoderSwift.release.xcconfig */,
			);
			path = Pods;
			sourceTree = "<group>";
		};
		821DD386249CD74B00658A69 = {
			isa = PBXGroup;
			children = (
				821DD391249CD74B00658A69 /* DemoSortedJSONCoder */,
				821DD3B0249CDB7000658A69 /* DemoSortedJSONCoderSwift */,
				821DD390249CD74B00658A69 /* Products */,
				5933977394EA8ABD922FE6CE /* Pods */,
				DB1812AA543834DF503001FB /* Frameworks */,
			);
			sourceTree = "<group>";
		};
		821DD390249CD74B00658A69 /* Products */ = {
			isa = PBXGroup;
			children = (
				821DD38F249CD74B00658A69 /* DemoSortedJSONCoder.app */,
				821DD3AF249CDB7000658A69 /* DemoSortedJSONCoderSwift.app */,
			);
			name = Products;
			sourceTree = "<group>";
		};
		821DD391249CD74B00658A69 /* DemoSortedJSONCoder */ = {
			isa = PBXGroup;
			children = (
				821DD392249CD74B00658A69 /* AppDelegate.h */,
				821DD393249CD74B00658A69 /* AppDelegate.m */,
				821DD395249CD74B00658A69 /* SceneDelegate.h */,
				821DD396249CD74B00658A69 /* SceneDelegate.m */,
				821DD398249CD74B00658A69 /* ViewController.h */,
				821DD399249CD74B00658A69 /* ViewController.m */,
				821DD39B249CD74B00658A69 /* Main.storyboard */,
				821DD39E249CD74C00658A69 /* Assets.xcassets */,
				821DD3A0249CD74C00658A69 /* LaunchScreen.storyboard */,
				821DD3A3249CD74C00658A69 /* Info.plist */,
				821DD3A4249CD74C00658A69 /* main.m */,
			);
			path = DemoSortedJSONCoder;
			sourceTree = "<group>";
		};
		821DD3B0249CDB7000658A69 /* DemoSortedJSONCoderSwift */ = {
			isa = PBXGroup;
			children = (
				821DD3B1249CDB7000658A69 /* AppDelegate.swift */,
				821DD3B3249CDB7000658A69 /* SceneDelegate.swift */,
				821DD3B5249CDB7000658A69 /* ViewController.swift */,
				821DD3B7249CDB7000658A69 /* Main.storyboard */,
				821DD3BA249CDB7100658A69 /* Assets.xcassets */,
				821DD3BC249CDB7100658A69 /* LaunchScreen.storyboard */,
				821DD3BF249CDB7100658A69 /* Info.plist */,
			);
			path = DemoSortedJSONCoderSwift;
			sourceTree = "<group>";
		};
		DB1812AA543834DF503001FB /* Frameworks */ = {
			isa = PBXGroup;
			children = (
				50A3ED3134A92E9FED2064D1 /* libPods-DemoSortedJSONCoder.a */,
				D50E3EF34579FEDAEFFC3AA6 /* Pods_DemoSortedJSONCoderSwift.framework */,
			);
			name = Frameworks;
			sourceTree = "<group>";
		};
/* End PBXGroup section */

/* Begin PBXNativeTarget section */
		821DD38E249CD74B00658A69 /* DemoSortedJSONCoder */ = {
			isa = PBXNativeTarget;
			buildConfigurationList = 821DD3A8249CD74C00658A69 /* Build configuration list for PBXNativeTarget "DemoSortedJSONCoder" */;
			buildPhases = (
				875CEEF26C80EAA056751A72 /* [CP] Check Pods Manifest.lock */,
				821DD38B249CD74B00658A69 /* Sources */,
				821DD38C249CD74B00658A69 /* Frameworks */,
				821DD38D249CD74B00658A69 /* Resources */,
			);
			buildRules = (
			);
			dependencies = (
			);
			name = DemoSortedJSONCoder;
			productName = DemoSortedJSONCoder;
			productReference = 821DD38F249CD74B00658A69 /* DemoSortedJSONCoder.app */;
			productType = "com.apple.product-type.application";
		};
		821DD3AE249CDB7000658A69 /* DemoSortedJSONCoderSwift */ = {
			isa = PBXNativeTarget;
			buildConfigurationList = 821DD3C2249CDB7100658A69 /* Build configuration list for PBXNativeTarget "DemoSortedJSONCoderSwift" */;
			buildPhases = (
				8E39925BBC5F9E376EA10C99 /* [CP] Check Pods Manifest.lock */,
				821DD3AB249CDB7000658A69 /* Sources */,
				821DD3AC249CDB7000658A69 /* Frameworks */,
				821DD3AD249CDB7000658A69 /* Resources */,
				027A3FE7326BA8D7875A8516 /* [CP] Embed Pods Frameworks */,
			);
			buildRules = (
			);
			dependencies = (
			);
			name = DemoSortedJSONCoderSwift;
			productName = DemoSortedJSONCoderSwift;
			productReference = 821DD3AF249CDB7000658A69 /* DemoSortedJSONCoderSwift.app */;
			productType = "com.apple.product-type.application";
		};
/* End PBXNativeTarget section */

/* Begin PBXProject section */
		821DD387249CD74B00658A69 /* Project object */ = {
			isa = PBXProject;
			attributes = {
				LastSwiftUpdateCheck = 1150;
				LastUpgradeCheck = 1150;
				ORGANIZATIONNAME = "Mikhail Demidov";
				TargetAttributes = {
					821DD38E249CD74B00658A69 = {
						CreatedOnToolsVersion = 11.5;
					};
					821DD3AE249CDB7000658A69 = {
						CreatedOnToolsVersion = 11.5;
					};
				};
			};
			buildConfigurationList = 821DD38A249CD74B00658A69 /* Build configuration list for PBXProject "DemoSortedJSONCoder" */;
			compatibilityVersion = "Xcode 9.3";
			developmentRegion = en;
			hasScannedForEncodings = 0;
			knownRegions = (
				en,
				Base,
			);
			mainGroup = 821DD386249CD74B00658A69;
			productRefGroup = 821DD390249CD74B00658A69 /* Products */;
			projectDirPath = "";
			projectRoot = "";
			targets = (
				821DD38E249CD74B00658A69 /* DemoSortedJSONCoder */,
				821DD3AE249CDB7000658A69 /* DemoSortedJSONCoderSwift */,
			);
		};
/* End PBXProject section */

/* Begin PBXResourcesBuildPhase section */
		821DD38D249CD74B00658A69 /* Resources */ = {
			isa = PBXResourcesBuildPhase;
			buildActionMask = 2147483647;
			files = (
				821DD3A2249CD74C00658A69 /* LaunchScreen.storyboard in Resources */,
				821DD39F249CD74C00658A69 /* Assets.xcassets in Resources */,
				821DD39D249CD74B00658A69 /* Main.storyboard in Resources */,
			);
			runOnlyForDeploymentPostprocessing = 0;
		};
		821DD3AD249CDB7000658A69 /* Resources */ = {
			isa = PBXResourcesBuildPhase;
			buildActionMask = 2147483647;
			files = (
				821DD3BE249CDB7100658A69 /* LaunchScreen.storyboard in Resources */,
				821DD3BB249CDB7100658A69 /* Assets.xcassets in Resources */,
				821DD3B9249CDB7000658A69 /* Main.storyboard in Resources */,
			);
			runOnlyForDeploymentPostprocessing = 0;
		};
/* End PBXResourcesBuildPhase section */

/* Begin PBXShellScriptBuildPhase section */
		027A3FE7326BA8D7875A8516 /* [CP] Embed Pods Frameworks */ = {
			isa = PBXShellScriptBuildPhase;
			buildActionMask = 2147483647;
			files = (
			);
			inputFileListPaths = (
				"${PODS_ROOT}/Target Support Files/Pods-DemoSortedJSONCoderSwift/Pods-DemoSortedJSONCoderSwift-frameworks-${CONFIGURATION}-input-files.xcfilelist",
			);
			name = "[CP] Embed Pods Frameworks";
			outputFileListPaths = (
				"${PODS_ROOT}/Target Support Files/Pods-DemoSortedJSONCoderSwift/Pods-DemoSortedJSONCoderSwift-frameworks-${CONFIGURATION}-output-files.xcfilelist",
			);
			runOnlyForDeploymentPostprocessing = 0;
			shellPath = /bin/sh;
			shellScript = "\"${PODS_ROOT}/Target Support Files/Pods-DemoSortedJSONCoderSwift/Pods-DemoSortedJSONCoderSwift-frameworks.sh\"\n";
			showEnvVarsInLog = 0;
		};
		875CEEF26C80EAA056751A72 /* [CP] Check Pods Manifest.lock */ = {
			isa = PBXShellScriptBuildPhase;
			buildActionMask = 2147483647;
			files = (
			);
			inputFileListPaths = (
			);
			inputPaths = (
				"${PODS_PODFILE_DIR_PATH}/Podfile.lock",
				"${PODS_ROOT}/Manifest.lock",
			);
			name = "[CP] Check Pods Manifest.lock";
			outputFileListPaths = (
			);
			outputPaths = (
				"$(DERIVED_FILE_DIR)/Pods-DemoSortedJSONCoder-checkManifestLockResult.txt",
			);
			runOnlyForDeploymentPostprocessing = 0;
			shellPath = /bin/sh;
			shellScript = "diff \"${PODS_PODFILE_DIR_PATH}/Podfile.lock\" \"${PODS_ROOT}/Manifest.lock\" > /dev/null\nif [ $? != 0 ] ; then\n    # print error to STDERR\n    echo \"error: The sandbox is not in sync with the Podfile.lock. Run 'pod install' or update your CocoaPods installation.\" >&2\n    exit 1\nfi\n# This output is used by Xcode 'outputs' to avoid re-running this script phase.\necho \"SUCCESS\" > \"${SCRIPT_OUTPUT_FILE_0}\"\n";
			showEnvVarsInLog = 0;
		};
		8E39925BBC5F9E376EA10C99 /* [CP] Check Pods Manifest.lock */ = {
			isa = PBXShellScriptBuildPhase;
			buildActionMask = 2147483647;
			files = (
			);
			inputFileListPaths = (
			);
			inputPaths = (
				"${PODS_PODFILE_DIR_PATH}/Podfile.lock",
				"${PODS_ROOT}/Manifest.lock",
			);
			name = "[CP] Check Pods Manifest.lock";
			outputFileListPaths = (
			);
			outputPaths = (
				"$(DERIVED_FILE_DIR)/Pods-DemoSortedJSONCoderSwift-checkManifestLockResult.txt",
			);
			runOnlyForDeploymentPostprocessing = 0;
			shellPath = /bin/sh;
			shellScript = "diff \"${PODS_PODFILE_DIR_PATH}/Podfile.lock\" \"${PODS_ROOT}/Manifest.lock\" > /dev/null\nif [ $? != 0 ] ; then\n    # print error to STDERR\n    echo \"error: The sandbox is not in sync with the Podfile.lock. Run 'pod install' or update your CocoaPods installation.\" >&2\n    exit 1\nfi\n# This output is used by Xcode 'outputs' to avoid re-running this script phase.\necho \"SUCCESS\" > \"${SCRIPT_OUTPUT_FILE_0}\"\n";
			showEnvVarsInLog = 0;
		};
/* End PBXShellScriptBuildPhase section */

/* Begin PBXSourcesBuildPhase section */
		821DD38B249CD74B00658A69 /* Sources */ = {
			isa = PBXSourcesBuildPhase;
			buildActionMask = 2147483647;
			files = (
				821DD39A249CD74B00658A69 /* ViewController.m in Sources */,
				821DD394249CD74B00658A69 /* AppDelegate.m in Sources */,
				821DD3A5249CD74C00658A69 /* main.m in Sources */,
				821DD397249CD74B00658A69 /* SceneDelegate.m in Sources */,
			);
			runOnlyForDeploymentPostprocessing = 0;
		};
		821DD3AB249CDB7000658A69 /* Sources */ = {
			isa = PBXSourcesBuildPhase;
			buildActionMask = 2147483647;
			files = (
				821DD3B6249CDB7000658A69 /* ViewController.swift in Sources */,
				821DD3B2249CDB7000658A69 /* AppDelegate.swift in Sources */,
				821DD3B4249CDB7000658A69 /* SceneDelegate.swift in Sources */,
			);
			runOnlyForDeploymentPostprocessing = 0;
		};
/* End PBXSourcesBuildPhase section */

/* Begin PBXVariantGroup section */
		821DD39B249CD74B00658A69 /* Main.storyboard */ = {
			isa = PBXVariantGroup;
			children = (
				821DD39C249CD74B00658A69 /* Base */,
			);
			name = Main.storyboard;
			sourceTree = "<group>";
		};
		821DD3A0249CD74C00658A69 /* LaunchScreen.storyboard */ = {
			isa = PBXVariantGroup;
			children = (
				821DD3A1249CD74C00658A69 /* Base */,
			);
			name = LaunchScreen.storyboard;
			sourceTree = "<group>";
		};
		821DD3B7249CDB7000658A69 /* Main.storyboard */ = {
			isa = PBXVariantGroup;
			children = (
				821DD3B8249CDB7000658A69 /* Base */,
			);
			name = Main.storyboard;
			sourceTree = "<group>";
		};
		821DD3BC249CDB7100658A69 /* LaunchScreen.storyboard */ = {
			isa = PBXVariantGroup;
			children = (
				821DD3BD249CDB7100658A69 /* Base */,
			);
			name = LaunchScreen.storyboard;
			sourceTree = "<group>";
		};
/* End PBXVariantGroup section */

/* Begin XCBuildConfiguration section */
		821DD3A6249CD74C00658A69 /* Debug */ = {
			isa = XCBuildConfiguration;
			buildSettings = {
				ALWAYS_SEARCH_USER_PATHS = NO;
				CLANG_ANALYZER_NONNULL = YES;
				CLANG_ANALYZER_NUMBER_OBJECT_CONVERSION = YES_AGGRESSIVE;
				CLANG_CXX_LANGUAGE_STANDARD = "gnu++14";
				CLANG_CXX_LIBRARY = "libc++";
				CLANG_ENABLE_MODULES = YES;
				CLANG_ENABLE_OBJC_ARC = YES;
				CLANG_ENABLE_OBJC_WEAK = YES;
				CLANG_WARN_BLOCK_CAPTURE_AUTORELEASING = YES;
				CLANG_WARN_BOOL_CONVERSION = YES;
				CLANG_WARN_COMMA = YES;
				CLANG_WARN_CONSTANT_CONVERSION = YES;
				CLANG_WARN_DEPRECATED_OBJC_IMPLEMENTATIONS = YES;
				CLANG_WARN_DIRECT_OBJC_ISA_USAGE = YES_ERROR;
				CLANG_WARN_DOCUMENTATION_COMMENTS = YES;
				CLANG_WARN_EMPTY_BODY = YES;
				CLANG_WARN_ENUM_CONVERSION = YES;
				CLANG_WARN_INFINITE_RECURSION = YES;
				CLANG_WARN_INT_CONVERSION = YES;
				CLANG_WARN_NON_LITERAL_NULL_CONVERSION = YES;
				CLANG_WARN_OBJC_IMPLICIT_RETAIN_SELF = YES;
				CLANG_WARN_OBJC_LITERAL_CONVERSION = YES;
				CLANG_WARN_OBJC_ROOT_CLASS = YES_ERROR;
				CLANG_WARN_RANGE_LOOP_ANALYSIS = YES;
				CLANG_WARN_STRICT_PROTOTYPES = YES;
				CLANG_WARN_SUSPICIOUS_MOVE = YES;
				CLANG_WARN_UNGUARDED_AVAILABILITY = YES_AGGRESSIVE;
				CLANG_WARN_UNREACHABLE_CODE = YES;
				CLANG_WARN__DUPLICATE_METHOD_MATCH = YES;
				COPY_PHASE_STRIP = NO;
				DEBUG_INFORMATION_FORMAT = dwarf;
				ENABLE_STRICT_OBJC_MSGSEND = YES;
				ENABLE_TESTABILITY = YES;
				GCC_C_LANGUAGE_STANDARD = gnu11;
				GCC_DYNAMIC_NO_PIC = NO;
				GCC_NO_COMMON_BLOCKS = YES;
				GCC_OPTIMIZATION_LEVEL = 0;
				GCC_PREPROCESSOR_DEFINITIONS = (
					"DEBUG=1",
					"$(inherited)",
				);
				GCC_WARN_64_TO_32_BIT_CONVERSION = YES;
				GCC_WARN_ABOUT_RETURN_TYPE = YES_ERROR;
				GCC_WARN_UNDECLARED_SELECTOR = YES;
				GCC_WARN_UNINITIALIZED_AUTOS = YES_AGGRESSIVE;
				GCC_WARN_UNUSED_FUNCTION = YES;
				GCC_WARN_UNUSED_VARIABLE = YES;
				IPHONEOS_DEPLOYMENT_TARGET = 13.5;
				MTL_ENABLE_DEBUG_INFO = INCLUDE_SOURCE;
				MTL_FAST_MATH = YES;
				ONLY_ACTIVE_ARCH = YES;
				SDKROOT = iphoneos;
			};
			name = Debug;
		};
		821DD3A7249CD74C00658A69 /* Release */ = {
			isa = XCBuildConfiguration;
			buildSettings = {
				ALWAYS_SEARCH_USER_PATHS = NO;
				CLANG_ANALYZER_NONNULL = YES;
				CLANG_ANALYZER_NUMBER_OBJECT_CONVERSION = YES_AGGRESSIVE;
				CLANG_CXX_LANGUAGE_STANDARD = "gnu++14";
				CLANG_CXX_LIBRARY = "libc++";
				CLANG_ENABLE_MODULES = YES;
				CLANG_ENABLE_OBJC_ARC = YES;
				CLANG_ENABLE_OBJC_WEAK = YES;
				CLANG_WARN_BLOCK_CAPTURE_AUTORELEASING = YES;
				CLANG_WARN_BOOL_CONVERSION = YES;
				CLANG_WARN_COMMA = YES;
				CLANG_WARN_CONSTANT_CONVERSION = YES;
				CLANG_WARN_DEPRECATED_OBJC_IMPLEMENTATIONS = YES;
				CLANG_WARN_DIRECT_OBJC_ISA_USAGE = YES_ERROR;
				CLANG_WARN_DOCUMENTATION_COMMENTS = YES;
				CLANG_WARN_EMPTY_BODY = YES;
				CLANG_WARN_ENUM_CONVERSION = YES;
				CLANG_WARN_INFINITE_RECURSION = YES;
				CLANG_WARN_INT_CONVERSION = YES;
				CLANG_WARN_NON_LITERAL_NULL_CONVERSION = YES;
				CLANG_WARN_OBJC_IMPLICIT_RETAIN_SELF = YES;
				CLANG_WARN_OBJC_LITERAL_CONVERSION = YES;
				CLANG_WARN_OBJC_ROOT_CLASS = YES_ERROR;
				CLANG_WARN_RANGE_LOOP_ANALYSIS = YES;
				CLANG_WARN_STRICT_PROTOTYPES = YES;
				CLANG_WARN_SUSPICIOUS_MOVE = YES;
				CLANG_WARN_UNGUARDED_AVAILABILITY = YES_AGGRESSIVE;
				CLANG_WARN_UNREACHABLE_CODE = YES;
				CLANG_WARN__DUPLICATE_METHOD_MATCH = YES;
				COPY_PHASE_STRIP = NO;
				DEBUG_INFORMATION_FORMAT = "dwarf-with-dsym";
				ENABLE_NS_ASSERTIONS = NO;
				ENABLE_STRICT_OBJC_MSGSEND = YES;
				GCC_C_LANGUAGE_STANDARD = gnu11;
				GCC_NO_COMMON_BLOCKS = YES;
				GCC_WARN_64_TO_32_BIT_CONVERSION = YES;
				GCC_WARN_ABOUT_RETURN_TYPE = YES_ERROR;
				GCC_WARN_UNDECLARED_SELECTOR = YES;
				GCC_WARN_UNINITIALIZED_AUTOS = YES_AGGRESSIVE;
				GCC_WARN_UNUSED_FUNCTION = YES;
				GCC_WARN_UNUSED_VARIABLE = YES;
				IPHONEOS_DEPLOYMENT_TARGET = 13.5;
				MTL_ENABLE_DEBUG_INFO = NO;
				MTL_FAST_MATH = YES;
				SDKROOT = iphoneos;
				VALIDATE_PRODUCT = YES;
			};
			name = Release;
		};
		821DD3A9249CD74C00658A69 /* Debug */ = {
			isa = XCBuildConfiguration;
			baseConfigurationReference = E06BC8D5AB18912C85B07006 /* Pods-DemoSortedJSONCoder.debug.xcconfig */;
			buildSettings = {
				ASSETCATALOG_COMPILER_APPICON_NAME = AppIcon;
				CODE_SIGN_STYLE = Automatic;
				DEVELOPMENT_TEAM = 4HUHB9J47M;
				INFOPLIST_FILE = DemoSortedJSONCoder/Info.plist;
				IPHONEOS_DEPLOYMENT_TARGET = 11.0;
				LD_RUNPATH_SEARCH_PATHS = (
					"$(inherited)",
					"@executable_path/Frameworks",
				);
				PRODUCT_BUNDLE_IDENTIFIER = com.mike.house.DemoSortedJSONCoder;
				PRODUCT_NAME = "$(TARGET_NAME)";
				TARGETED_DEVICE_FAMILY = "1,2";
			};
			name = Debug;
		};
		821DD3AA249CD74C00658A69 /* Release */ = {
			isa = XCBuildConfiguration;
			baseConfigurationReference = 62CFAB5E8B4346E1E6C333CB /* Pods-DemoSortedJSONCoder.release.xcconfig */;
			buildSettings = {
				ASSETCATALOG_COMPILER_APPICON_NAME = AppIcon;
				CODE_SIGN_STYLE = Automatic;
				DEVELOPMENT_TEAM = 4HUHB9J47M;
				INFOPLIST_FILE = DemoSortedJSONCoder/Info.plist;
				IPHONEOS_DEPLOYMENT_TARGET = 11.0;
				LD_RUNPATH_SEARCH_PATHS = (
					"$(inherited)",
					"@executable_path/Frameworks",
				);
				PRODUCT_BUNDLE_IDENTIFIER = com.mike.house.DemoSortedJSONCoder;
				PRODUCT_NAME = "$(TARGET_NAME)";
				TARGETED_DEVICE_FAMILY = "1,2";
			};
			name = Release;
		};
		821DD3C0249CDB7100658A69 /* Debug */ = {
			isa = XCBuildConfiguration;
			baseConfigurationReference = 977DAF98F95C537EFB147D0C /* Pods-DemoSortedJSONCoderSwift.debug.xcconfig */;
			buildSettings = {
				ASSETCATALOG_COMPILER_APPICON_NAME = AppIcon;
				CODE_SIGN_STYLE = Automatic;
				DEVELOPMENT_TEAM = 4HUHB9J47M;
				INFOPLIST_FILE = DemoSortedJSONCoderSwift/Info.plist;
				IPHONEOS_DEPLOYMENT_TARGET = 13.0;
				LD_RUNPATH_SEARCH_PATHS = (
					"$(inherited)",
					"@executable_path/Frameworks",
				);
				PRODUCT_BUNDLE_IDENTIFIER = com.mike.house.DemoSortedJSONCoderSwift;
				PRODUCT_NAME = "$(TARGET_NAME)";
				SWIFT_ACTIVE_COMPILATION_CONDITIONS = DEBUG;
				SWIFT_OPTIMIZATION_LEVEL = "-Onone";
				SWIFT_VERSION = 5.0;
				TARGETED_DEVICE_FAMILY = "1,2";
			};
			name = Debug;
		};
		821DD3C1249CDB7100658A69 /* Release */ = {
			isa = XCBuildConfiguration;
			baseConfigurationReference = 7B60BFB9E578685492646CD9 /* Pods-DemoSortedJSONCoderSwift.release.xcconfig */;
			buildSettings = {
				ASSETCATALOG_COMPILER_APPICON_NAME = AppIcon;
				CODE_SIGN_STYLE = Automatic;
				DEVELOPMENT_TEAM = 4HUHB9J47M;
				INFOPLIST_FILE = DemoSortedJSONCoderSwift/Info.plist;
				IPHONEOS_DEPLOYMENT_TARGET = 13.0;
				LD_RUNPATH_SEARCH_PATHS = (
					"$(inherited)",
					"@executable_path/Frameworks",
				);
				PRODUCT_BUNDLE_IDENTIFIER = com.mike.house.DemoSortedJSONCoderSwift;
				PRODUCT_NAME = "$(TARGET_NAME)";
				SWIFT_COMPILATION_MODE = wholemodule;
				SWIFT_OPTIMIZATION_LEVEL = "-O";
				SWIFT_VERSION = 5.0;
				TARGETED_DEVICE_FAMILY = "1,2";
			};
			name = Release;
		};
/* End XCBuildConfiguration section */

/* Begin XCConfigurationList section */
		821DD38A249CD74B00658A69 /* Build configuration list for PBXProject "DemoSortedJSONCoder" */ = {
			isa = XCConfigurationList;
			buildConfigurations = (
				821DD3A6249CD74C00658A69 /* Debug */,
				821DD3A7249CD74C00658A69 /* Release */,
			);
			defaultConfigurationIsVisible = 0;
			defaultConfigurationName = Release;
		};
		821DD3A8249CD74C00658A69 /* Build configuration list for PBXNativeTarget "DemoSortedJSONCoder" */ = {
			isa = XCConfigurationList;
			buildConfigurations = (
				821DD3A9249CD74C00658A69 /* Debug */,
				821DD3AA249CD74C00658A69 /* Release */,
			);
			defaultConfigurationIsVisible = 0;
			defaultConfigurationName = Release;
		};
		821DD3C2249CDB7100658A69 /* Build configuration list for PBXNativeTarget "DemoSortedJSONCoderSwift" */ = {
			isa = XCConfigurationList;
			buildConfigurations = (
				821DD3C0249CDB7100658A69 /* Debug */,
				821DD3C1249CDB7100658A69 /* Release */,
			);
			defaultConfigurationIsVisible = 0;
			defaultConfigurationName = Release;
		};
/* End XCConfigurationList section */
	};
	rootObject = 821DD387249CD74B00658A69 /* Project object */;
}
